
Microsoft Visual Studio Solution File, Format Version 12.00
# Visual Studio Version 17
VisualStudioVersion = 17.9.34902.65
MinimumVisualStudioVersion = 10.0.40219.1
Project("{FAE04EC0-301F-11D3-BF4B-00C04F79EFBC}") = "HomeTask", "HomeTask\HomeTask.csproj", "{A61461B7-9C7E-4730-853A-F3B0424333DB}"
EndProject
Global
	GlobalSection(SolutionConfigurationPlatforms) = preSolution
		Debug|Any CPU = Debug|Any CPU
		Release|Any CPU = Release|Any CPU
	EndGlobalSection
	GlobalSection(ProjectConfigurationPlatforms) = postSolution
		{A61461B7-9C7E-4730-853A-F3B0424333DB}.Debug|Any CPU.ActiveCfg = Debug|Any CPU
		{A61461B7-9C7E-4730-853A-F3B0424333DB}.Debug|Any CPU.Build.0 = Debug|Any CPU
		{A61461B7-9C7E-4730-853A-F3B0424333DB}.Release|Any CPU.ActiveCfg = Release|Any CPU
		{A61461B7-9C7E-4730-853A-F3B0424333DB}.Release|Any CPU.Build.0 = Release|Any CPU
	EndGlobalSection
	GlobalSection(SolutionProperties) = preSolution
		HideSolutionNode = FALSE
	EndGlobalSection
	GlobalSection(ExtensibilityGlobals) = postSolution
		SolutionGuid = {DCD6D97D-E721-4F32-B5FF-E58FD0922854}
	EndGlobalSection
EndGlobal
