
Microsoft Visual Studio Solution File, Format Version 12.00
# Visual Studio Version 17
VisualStudioVersion = 17.9.34902.65
MinimumVisualStudioVersion = 10.0.40219.1
Project("{FAE04EC0-301F-11D3-BF4B-00C04F79EFBC}") = "DataStructureExample", "DataStructureExample\DataStructureExample.csproj", "{075C57C5-6337-4C86-B18B-2010FB93588F}"
EndProject
Global
	GlobalSection(SolutionConfigurationPlatforms) = preSolution
		Debug|Any CPU = Debug|Any CPU
		Release|Any CPU = Release|Any CPU
	EndGlobalSection
	GlobalSection(ProjectConfigurationPlatforms) = postSolution
		{075C57C5-6337-4C86-B18B-2010FB93588F}.Debug|Any CPU.ActiveCfg = Debug|Any CPU
		{075C57C5-6337-4C86-B18B-2010FB93588F}.Debug|Any CPU.Build.0 = Debug|Any CPU
		{075C57C5-6337-4C86-B18B-2010FB93588F}.Release|Any CPU.ActiveCfg = Release|Any CPU
		{075C57C5-6337-4C86-B18B-2010FB93588F}.Release|Any CPU.Build.0 = Release|Any CPU
	EndGlobalSection
	GlobalSection(SolutionProperties) = preSolution
		HideSolutionNode = FALSE
	EndGlobalSection
	GlobalSection(ExtensibilityGlobals) = postSolution
		SolutionGuid = {CC2D6AA0-3374-4F96-8FF0-9EFE365DDBB3}
	EndGlobalSection
EndGlobal
